{
  "name": "@nextui-org/use-aria-slider",
  "version": "2.3.6",
  "lockfileVersion": 3,
  "requires": true,
  "packages": {
    "": {
      "name": "@nextui-org/use-aria-slider",
      "version": "2.3.6",
      "license": "MIT",
      "dependencies": {
        "@react-aria/focus": "^3.17.1",
        "@react-aria/i18n": "3.10.2",
        "@react-aria/interactions": "3.21.1",
        "@react-aria/label": "^3.7.8",
        "@react-stately/utils": "^3.10.1",
        "@react-types/slider": "^3.7.3"
      },
      "devDependencies": {
        "clean-package": "2.2.0",
        "react": "^18.0.0",
        "react-dom": "^18.0.0"
      },
      "peerDependencies": {
        "react": ">=18",
        "react-dom": ">=18"
      }
    },
    "node_modules/@formatjs/ecma402-abstract": {
      "version": "2.0.0",
      "resolved": "https://registry.npmjs.org/@formatjs/ecma402-abstract/-/ecma402-abstract-2.0.0.tgz",
      "integrity": "sha512-rRqXOqdFmk7RYvj4khklyqzcfQl9vEL/usogncBHRZfZBDOwMGuSRNFl02fu5KGHXdbinju+YXyuR+Nk8xlr/g==",
      "dependencies": {
        "@formatjs/intl-localematcher": "0.5.4",
        "tslib": "^2.4.0"
      }
    },
    "node_modules/@formatjs/fast-memoize": {
      "version": "2.2.0",
      "resolved": "https://registry.npmjs.org/@formatjs/fast-memoize/-/fast-memoize-2.2.0.tgz",
      "integrity": "sha512-hnk/nY8FyrL5YxwP9e4r9dqeM6cAbo8PeU9UjyXojZMNvVad2Z06FAVHyR3Ecw6fza+0GH7vdJgiKIVXTMbSBA==",
      "dependencies": {
        "tslib": "^2.4.0"
      }
    },
    "node_modules/@formatjs/icu-messageformat-parser": {
      "version": "2.7.8",
      "resolved": "https://registry.npmjs.org/@formatjs/icu-messageformat-parser/-/icu-messageformat-parser-2.7.8.tgz",
      "integrity": "sha512-nBZJYmhpcSX0WeJ5SDYUkZ42AgR3xiyhNCsQweFx3cz/ULJjym8bHAzWKvG5e2+1XO98dBYC0fWeeAECAVSwLA==",
      "dependencies": {
        "@formatjs/ecma402-abstract": "2.0.0",
        "@formatjs/icu-skeleton-parser": "1.8.2",
        "tslib": "^2.4.0"
      }
    },
    "node_modules/@formatjs/icu-skeleton-parser": {
      "version": "1.8.2",
      "resolved": "https://registry.npmjs.org/@formatjs/icu-skeleton-parser/-/icu-skeleton-parser-1.8.2.tgz",
      "integrity": "sha512-k4ERKgw7aKGWJZgTarIcNEmvyTVD9FYh0mTrrBMHZ1b8hUu6iOJ4SzsZlo3UNAvHYa+PnvntIwRPt1/vy4nA9Q==",
      "dependencies": {
        "@formatjs/ecma402-abstract": "2.0.0",
        "tslib": "^2.4.0"
      }
    },
    "node_modules/@formatjs/intl-localematcher": {
      "version": "0.5.4",
      "resolved": "https://registry.npmjs.org/@formatjs/intl-localematcher/-/intl-localematcher-0.5.4.tgz",
      "integrity": "sha512-zTwEpWOzZ2CiKcB93BLngUX59hQkuZjT2+SAQEscSm52peDW/getsawMcWF1rGRpMCX6D7nSJA3CzJ8gn13N/g==",
      "dependencies": {
        "tslib": "^2.4.0"
      }
    },
    "node_modules/@internationalized/date": {
      "version": "3.5.4",
      "resolved": "https://registry.npmjs.org/@internationalized/date/-/date-3.5.4.tgz",
      "integrity": "sha512-qoVJVro+O0rBaw+8HPjUB1iH8Ihf8oziEnqMnvhJUSuVIrHOuZ6eNLHNvzXJKUvAtaDiqMnRlg8Z2mgh09BlUw==",
      "dependencies": {
        "@swc/helpers": "^0.5.0"
      }
    },
    "node_modules/@internationalized/message": {
      "version": "3.1.4",
      "resolved": "https://registry.npmjs.org/@internationalized/message/-/message-3.1.4.tgz",
      "integrity": "sha512-Dygi9hH1s7V9nha07pggCkvmRfDd3q2lWnMGvrJyrOwYMe1yj4D2T9BoH9I6MGR7xz0biQrtLPsqUkqXzIrBOw==",
      "dependencies": {
        "@swc/helpers": "^0.5.0",
        "intl-messageformat": "^10.1.0"
      }
    },
    "node_modules/@internationalized/number": {
      "version": "3.5.3",
      "resolved": "https://registry.npmjs.org/@internationalized/number/-/number-3.5.3.tgz",
      "integrity": "sha512-rd1wA3ebzlp0Mehj5YTuTI50AQEx80gWFyHcQu+u91/5NgdwBecO8BH6ipPfE+lmQ9d63vpB3H9SHoIUiupllw==",
      "dependencies": {
        "@swc/helpers": "^0.5.0"
      }
    },
    "node_modules/@internationalized/string": {
      "version": "3.2.3",
      "resolved": "https://registry.npmjs.org/@internationalized/string/-/string-3.2.3.tgz",
      "integrity": "sha512-9kpfLoA8HegiWTeCbR2livhdVeKobCnVv8tlJ6M2jF+4tcMqDo94ezwlnrUANBWPgd8U7OXIHCk2Ov2qhk4KXw==",
      "dependencies": {
        "@swc/helpers": "^0.5.0"
      }
    },
    "node_modules/@react-aria/focus": {
      "version": "3.17.1",
      "resolved": "https://registry.npmjs.org/@react-aria/focus/-/focus-3.17.1.tgz",
      "integrity": "sha512-FLTySoSNqX++u0nWZJPPN5etXY0WBxaIe/YuL/GTEeuqUIuC/2bJSaw5hlsM6T2yjy6Y/VAxBcKSdAFUlU6njQ==",
      "dependencies": {
        "@react-aria/interactions": "^3.21.3",
        "@react-aria/utils": "^3.24.1",
        "@react-types/shared": "^3.23.1",
        "@swc/helpers": "^0.5.0",
        "clsx": "^2.0.0"
      },
      "peerDependencies": {
        "react": "^16.8.0 || ^17.0.0-rc.1 || ^18.0.0"
      }
    },
    "node_modules/@react-aria/focus/node_modules/@react-aria/interactions": {
      "version": "3.21.3",
      "resolved": "https://registry.npmjs.org/@react-aria/interactions/-/interactions-3.21.3.tgz",
      "integrity": "sha512-BWIuf4qCs5FreDJ9AguawLVS0lV9UU+sK4CCnbCNNmYqOWY+1+gRXCsnOM32K+oMESBxilAjdHW5n1hsMqYMpA==",
      "dependencies": {
        "@react-aria/ssr": "^3.9.4",
        "@react-aria/utils": "^3.24.1",
        "@react-types/shared": "^3.23.1",
        "@swc/helpers": "^0.5.0"
      },
      "peerDependencies": {
        "react": "^16.8.0 || ^17.0.0-rc.1 || ^18.0.0"
      }
    },
    "node_modules/@react-aria/i18n": {
      "version": "3.10.2",
      "resolved": "https://registry.npmjs.org/@react-aria/i18n/-/i18n-3.10.2.tgz",
      "integrity": "sha512-Z1ormoIvMOI4mEdcFLYsoJy9w/EzBdBmgfLP+S/Ah+1xwQOXpgwZxiKOhYHpWa0lf6hkKJL34N9MHJvCJ5Crvw==",
      "dependencies": {
        "@internationalized/date": "^3.5.2",
        "@internationalized/message": "^3.1.2",
        "@internationalized/number": "^3.5.1",
        "@internationalized/string": "^3.2.1",
        "@react-aria/ssr": "^3.9.2",
        "@react-aria/utils": "^3.23.2",
        "@react-types/shared": "^3.22.1",
        "@swc/helpers": "^0.5.0"
      },
      "peerDependencies": {
        "react": "^16.8.0 || ^17.0.0-rc.1 || ^18.0.0"
      }
    },
    "node_modules/@react-aria/interactions": {
      "version": "3.21.1",
      "resolved": "https://registry.npmjs.org/@react-aria/interactions/-/interactions-3.21.1.tgz",
      "integrity": "sha512-AlHf5SOzsShkHfV8GLLk3v9lEmYqYHURKcXWue0JdYbmquMRkUsf/+Tjl1+zHVAQ8lKqRnPYbTmc4AcZbqxltw==",
      "dependencies": {
        "@react-aria/ssr": "^3.9.2",
        "@react-aria/utils": "^3.23.2",
        "@react-types/shared": "^3.22.1",
        "@swc/helpers": "^0.5.0"
      },
      "peerDependencies": {
        "react": "^16.8.0 || ^17.0.0-rc.1 || ^18.0.0"
      }
    },
    "node_modules/@react-aria/label": {
      "version": "3.7.8",
      "resolved": "https://registry.npmjs.org/@react-aria/label/-/label-3.7.8.tgz",
      "integrity": "sha512-MzgTm5+suPA3KX7Ug6ZBK2NX9cin/RFLsv1BdafJ6CZpmUSpWnGE/yQfYUB7csN7j31OsZrD3/P56eShYWAQfg==",
      "dependencies": {
        "@react-aria/utils": "^3.24.1",
        "@react-types/shared": "^3.23.1",
        "@swc/helpers": "^0.5.0"
      },
      "peerDependencies": {
        "react": "^16.8.0 || ^17.0.0-rc.1 || ^18.0.0"
      }
    },
    "node_modules/@react-aria/ssr": {
      "version": "3.9.4",
      "resolved": "https://registry.npmjs.org/@react-aria/ssr/-/ssr-3.9.4.tgz",
      "integrity": "sha512-4jmAigVq409qcJvQyuorsmBR4+9r3+JEC60wC+Y0MZV0HCtTmm8D9guYXlJMdx0SSkgj0hHAyFm/HvPNFofCoQ==",
      "dependencies": {
        "@swc/helpers": "^0.5.0"
      },
      "engines": {
        "node": ">= 12"
      },
      "peerDependencies": {
        "react": "^16.8.0 || ^17.0.0-rc.1 || ^18.0.0"
      }
    },
    "node_modules/@react-aria/utils": {
      "version": "3.24.1",
      "resolved": "https://registry.npmjs.org/@react-aria/utils/-/utils-3.24.1.tgz",
      "integrity": "sha512-O3s9qhPMd6n42x9sKeJ3lhu5V1Tlnzhu6Yk8QOvDuXf7UGuUjXf9mzfHJt1dYzID4l9Fwm8toczBzPM9t0jc8Q==",
      "dependencies": {
        "@react-aria/ssr": "^3.9.4",
        "@react-stately/utils": "^3.10.1",
        "@react-types/shared": "^3.23.1",
        "@swc/helpers": "^0.5.0",
        "clsx": "^2.0.0"
      },
      "peerDependencies": {
        "react": "^16.8.0 || ^17.0.0-rc.1 || ^18.0.0"
      }
    },
    "node_modules/@react-stately/utils": {
      "version": "3.10.1",
      "resolved": "https://registry.npmjs.org/@react-stately/utils/-/utils-3.10.1.tgz",
      "integrity": "sha512-VS/EHRyicef25zDZcM/ClpzYMC5i2YGN6uegOeQawmgfGjb02yaCX0F0zR69Pod9m2Hr3wunTbtpgVXvYbZItg==",
      "dependencies": {
        "@swc/helpers": "^0.5.0"
      },
      "peerDependencies": {
        "react": "^16.8.0 || ^17.0.0-rc.1 || ^18.0.0"
      }
    },
    "node_modules/@react-types/shared": {
      "version": "3.23.1",
      "resolved": "https://registry.npmjs.org/@react-types/shared/-/shared-3.23.1.tgz",
      "integrity": "sha512-5d+3HbFDxGZjhbMBeFHRQhexMFt4pUce3okyRtUVKbbedQFUrtXSBg9VszgF2RTeQDKDkMCIQDtz5ccP/Lk1gw==",
      "peerDependencies": {
        "react": "^16.8.0 || ^17.0.0-rc.1 || ^18.0.0"
      }
    },
    "node_modules/@react-types/slider": {
      "version": "3.7.3",
      "resolved": "https://registry.npmjs.org/@react-types/slider/-/slider-3.7.3.tgz",
      "integrity": "sha512-F8qFQaD2mqug2D0XeWMmjGBikiwbdERFlhFzdvNGbypPLz3AZICBKp1ZLPWdl0DMuy03G/jy6Gl4mDobl7RT2g==",
      "dependencies": {
        "@react-types/shared": "^3.23.1"
      },
      "peerDependencies": {
        "react": "^16.8.0 || ^17.0.0-rc.1 || ^18.0.0"
      }
    },
    "node_modules/@swc/helpers": {
      "version": "0.5.11",
      "resolved": "https://registry.npmjs.org/@swc/helpers/-/helpers-0.5.11.tgz",
      "integrity": "sha512-YNlnKRWF2sVojTpIyzwou9XoTNbzbzONwRhOoniEioF1AtaitTvVZblaQRrAzChWQ1bLYyYSWzM18y4WwgzJ+A==",
      "dependencies": {
        "tslib": "^2.4.0"
      }
    },
    "node_modules/clean-package": {
      "version": "2.2.0",
      "resolved": "https://registry.npmjs.org/clean-package/-/clean-package-2.2.0.tgz",
      "integrity": "sha512-vLv8kRqvh4smPDpqAYFPLEijTppAd/cfCz4yBcUGoVl/JKu6ZWKhlo+G/cAmwlSa29RudfBeuyiNEzas8bTwEQ==",
      "dev": true,
      "dependencies": {
        "dot-prop": "^6.0.1"
      },
      "bin": {
        "clean-package": "bin/main.js"
      }
    },
    "node_modules/clsx": {
      "version": "2.1.1",
      "resolved": "https://registry.npmjs.org/clsx/-/clsx-2.1.1.tgz",
      "integrity": "sha512-eYm0QWBtUrBWZWG0d386OGAw16Z995PiOVo2B7bjWSbHedGl5e0ZWaq65kOGgUSNesEIDkB9ISbTg/JK9dhCZA==",
      "engines": {
        "node": ">=6"
      }
    },
    "node_modules/dot-prop": {
      "version": "6.0.1",
      "resolved": "https://registry.npmjs.org/dot-prop/-/dot-prop-6.0.1.tgz",
      "integrity": "sha512-tE7ztYzXHIeyvc7N+hR3oi7FIbf/NIjVP9hmAt3yMXzrQ072/fpjGLx2GxNxGxUl5V73MEqYzioOMoVhGMJ5cA==",
      "dev": true,
      "dependencies": {
        "is-obj": "^2.0.0"
      },
      "engines": {
        "node": ">=10"
      },
      "funding": {
        "url": "https://github.com/sponsors/sindresorhus"
      }
    },
    "node_modules/intl-messageformat": {
      "version": "10.5.14",
      "resolved": "https://registry.npmjs.org/intl-messageformat/-/intl-messageformat-10.5.14.tgz",
      "integrity": "sha512-IjC6sI0X7YRjjyVH9aUgdftcmZK7WXdHeil4KwbjDnRWjnVitKpAx3rr6t6di1joFp5188VqKcobOPA6mCLG/w==",
      "dependencies": {
        "@formatjs/ecma402-abstract": "2.0.0",
        "@formatjs/fast-memoize": "2.2.0",
        "@formatjs/icu-messageformat-parser": "2.7.8",
        "tslib": "^2.4.0"
      }
    },
    "node_modules/is-obj": {
      "version": "2.0.0",
      "resolved": "https://registry.npmjs.org/is-obj/-/is-obj-2.0.0.tgz",
      "integrity": "sha512-drqDG3cbczxxEJRoOXcOjtdp1J/lyp1mNn0xaznRs8+muBhgQcrnbspox5X5fOw0HnMnbfDzvnEMEtqDEJEo8w==",
      "dev": true,
      "engines": {
        "node": ">=8"
      }
    },
    "node_modules/js-tokens": {
      "version": "4.0.0",
      "resolved": "https://registry.npmjs.org/js-tokens/-/js-tokens-4.0.0.tgz",
      "integrity": "sha512-RdJUflcE3cUzKiMqQgsCu06FPu9UdIJO0beYbPhHN4k6apgJtifcoCtT9bcxOpYBtpD2kCM6Sbzg4CausW/PKQ=="
    },
    "node_modules/loose-envify": {
      "version": "1.4.0",
      "resolved": "https://registry.npmjs.org/loose-envify/-/loose-envify-1.4.0.tgz",
      "integrity": "sha512-lyuxPGr/Wfhrlem2CL/UcnUc1zcqKAImBDzukY7Y5F/yQiNdko6+fRLevlw1HgMySw7f611UIY408EtxRSoK3Q==",
      "dependencies": {
        "js-tokens": "^3.0.0 || ^4.0.0"
      },
      "bin": {
        "loose-envify": "cli.js"
      }
    },
    "node_modules/react": {
      "version": "18.3.1",
      "resolved": "https://registry.npmjs.org/react/-/react-18.3.1.tgz",
      "integrity": "sha512-wS+hAgJShR0KhEvPJArfuPVN1+Hz1t0Y6n5jLrGQbkb4urgPE/0Rve+1kMB1v/oWgHgm4WIcV+i7F2pTVj+2iQ==",
      "dependencies": {
        "loose-envify": "^1.1.0"
      },
      "engines": {
        "node": ">=0.10.0"
      }
    },
    "node_modules/react-dom": {
      "version": "18.3.1",
      "resolved": "https://registry.npmjs.org/react-dom/-/react-dom-18.3.1.tgz",
      "integrity": "sha512-5m4nQKp+rZRb09LNH59GM4BxTh9251/ylbKIbpe7TpGxfJ+9kv6BLkLBXIjjspbgbnIBNqlI23tRnTWT0snUIw==",
      "dev": true,
      "dependencies": {
        "loose-envify": "^1.1.0",
        "scheduler": "^0.23.2"
      },
      "peerDependencies": {
        "react": "^18.3.1"
      }
    },
    "node_modules/scheduler": {
      "version": "0.23.2",
      "resolved": "https://registry.npmjs.org/scheduler/-/scheduler-0.23.2.tgz",
      "integrity": "sha512-UOShsPwz7NrMUqhR6t0hWjFduvOzbtv7toDH1/hIrfRNIDBnnBWd0CwJTGvTpngVlmwGCdP9/Zl/tVrDqcuYzQ==",
      "dev": true,
      "dependencies": {
        "loose-envify": "^1.1.0"
      }
    },
    "node_modules/tslib": {
      "version": "2.6.2",
      "resolved": "https://registry.npmjs.org/tslib/-/tslib-2.6.2.tgz",
      "integrity": "sha512-AEYxH93jGFPn/a2iVAwW87VuUIkR1FVUKB77NwMF7nBTDkDrrT/Hpt/IrCJ0QXhW27jTBDcf5ZY7w6RiqTMw2Q=="
    }
  }
}
